
Microsoft Visual Studio Solution File, Format Version 12.00
# Visual Studio Version 16
VisualStudioVersion = 16.0.28922.388
MinimumVisualStudioVersion = 10.0.40219.1
Project("{8BC9CEB8-8B4A-11D0-8D11-00A0C91BC942}") = "01-Setup", "01-Setup\build\01-Setup.vcxproj", "{78B86EBB-0658-4947-81AC-C99B6207C68B}"
EndProject
Project("{8BC9CEB8-8B4A-11D0-8D11-00A0C91BC942}") = "02-Movement", "02-Movement\build\02-Movement.vcxproj", "{DBC9AF24-B61D-48DE-A55B-FCB4B9353F9A}"
EndProject
Project("{8BC9CEB8-8B4A-11D0-8D11-00A0C91BC942}") = "03-Structure", "03-Structure\build\03-Structure.vcxproj", "{7EFC4831-CF81-4542-A8DF-26C3F4346120}"
EndProject
Global
	GlobalSection(SolutionConfigurationPlatforms) = preSolution
		Debug|x64 = Debug|x64
		Debug|x86 = Debug|x86
		Release|x64 = Release|x64
		Release|x86 = Release|x86
	EndGlobalSection
	GlobalSection(ProjectConfigurationPlatforms) = postSolution
		{78B86EBB-0658-4947-81AC-C99B6207C68B}.Debug|x64.ActiveCfg = Debug|x64
		{78B86EBB-0658-4947-81AC-C99B6207C68B}.Debug|x64.Build.0 = Debug|x64
		{78B86EBB-0658-4947-81AC-C99B6207C68B}.Debug|x86.ActiveCfg = Debug|Win32
		{78B86EBB-0658-4947-81AC-C99B6207C68B}.Debug|x86.Build.0 = Debug|Win32
		{78B86EBB-0658-4947-81AC-C99B6207C68B}.Release|x64.ActiveCfg = Release|x64
		{78B86EBB-0658-4947-81AC-C99B6207C68B}.Release|x64.Build.0 = Release|x64
		{78B86EBB-0658-4947-81AC-C99B6207C68B}.Release|x86.ActiveCfg = Release|Win32
		{78B86EBB-0658-4947-81AC-C99B6207C68B}.Release|x86.Build.0 = Release|Win32
		{DBC9AF24-B61D-48DE-A55B-FCB4B9353F9A}.Debug|x64.ActiveCfg = Debug|x64
		{DBC9AF24-B61D-48DE-A55B-FCB4B9353F9A}.Debug|x64.Build.0 = Debug|x64
		{DBC9AF24-B61D-48DE-A55B-FCB4B9353F9A}.Debug|x86.ActiveCfg = Debug|Win32
		{DBC9AF24-B61D-48DE-A55B-FCB4B9353F9A}.Debug|x86.Build.0 = Debug|Win32
		{DBC9AF24-B61D-48DE-A55B-FCB4B9353F9A}.Release|x64.ActiveCfg = Release|x64
		{DBC9AF24-B61D-48DE-A55B-FCB4B9353F9A}.Release|x64.Build.0 = Release|x64
		{DBC9AF24-B61D-48DE-A55B-FCB4B9353F9A}.Release|x86.ActiveCfg = Release|Win32
		{DBC9AF24-B61D-48DE-A55B-FCB4B9353F9A}.Release|x86.Build.0 = Release|Win32
		{7EFC4831-CF81-4542-A8DF-26C3F4346120}.Debug|x64.ActiveCfg = Debug|x64
		{7EFC4831-CF81-4542-A8DF-26C3F4346120}.Debug|x64.Build.0 = Debug|x64
		{7EFC4831-CF81-4542-A8DF-26C3F4346120}.Debug|x86.ActiveCfg = Debug|Win32
		{7EFC4831-CF81-4542-A8DF-26C3F4346120}.Debug|x86.Build.0 = Debug|Win32
		{7EFC4831-CF81-4542-A8DF-26C3F4346120}.Release|x64.ActiveCfg = Release|x64
		{7EFC4831-CF81-4542-A8DF-26C3F4346120}.Release|x64.Build.0 = Release|x64
		{7EFC4831-CF81-4542-A8DF-26C3F4346120}.Release|x86.ActiveCfg = Release|Win32
		{7EFC4831-CF81-4542-A8DF-26C3F4346120}.Release|x86.Build.0 = Release|Win32
	EndGlobalSection
	GlobalSection(SolutionProperties) = preSolution
		HideSolutionNode = FALSE
	EndGlobalSection
	GlobalSection(ExtensibilityGlobals) = postSolution
		SolutionGuid = {BC8CBB98-AD76-464D-9CC9-9C128469D30C}
	EndGlobalSection
EndGlobal
